
Microsoft Visual Studio Solution File, Format Version 12.00
# Visual Studio Version 17
VisualStudioVersion = 17.10.35013.160
MinimumVisualStudioVersion = 10.0.40219.1
Project("{FAE04EC0-301F-11D3-BF4B-00C04F79EFBC}") = "Summary", "Summary\Summary.csproj", "{DAFD9BDC-47ED-42E6-A979-88AE7E1F0AAE}"
EndProject
Global
	GlobalSection(SolutionConfigurationPlatforms) = preSolution
		Debug|Any CPU = Debug|Any CPU
		Release|Any CPU = Release|Any CPU
	EndGlobalSection
	GlobalSection(ProjectConfigurationPlatforms) = postSolution
		{DAFD9BDC-47ED-42E6-A979-88AE7E1F0AAE}.Debug|Any CPU.ActiveCfg = Debug|Any CPU
		{DAFD9BDC-47ED-42E6-A979-88AE7E1F0AAE}.Debug|Any CPU.Build.0 = Debug|Any CPU
		{DAFD9BDC-47ED-42E6-A979-88AE7E1F0AAE}.Release|Any CPU.ActiveCfg = Release|Any CPU
		{DAFD9BDC-47ED-42E6-A979-88AE7E1F0AAE}.Release|Any CPU.Build.0 = Release|Any CPU
	EndGlobalSection
	GlobalSection(SolutionProperties) = preSolution
		HideSolutionNode = FALSE
	EndGlobalSection
	GlobalSection(ExtensibilityGlobals) = postSolution
		SolutionGuid = {7F03C9F5-16C4-4617-A759-904E79F85818}
	EndGlobalSection
EndGlobal
